
Microsoft Visual Studio Solution File, Format Version 12.00
# Visual Studio Version 17
VisualStudioVersion = 17.0.31903.59
MinimumVisualStudioVersion = 10.0.40219.1
Project("{2150E333-8FDC-42A3-9474-1A3956D46DE8}") = "src", "src", "{827E0CD3-B72D-47B6-A68D-7590B98EB39B}"
EndProject
Project("{FAE04EC0-301F-11D3-BF4B-00C04F79EFBC}") = "Ironbees.Core", "src\Ironbees.Core\Ironbees.Core.csproj", "{EF59F166-CF2F-45EB-86AD-18582F2D694C}"
EndProject
Project("{FAE04EC0-301F-11D3-BF4B-00C04F79EFBC}") = "Ironbees.AgentFramework", "src\Ironbees.AgentFramework\Ironbees.AgentFramework.csproj", "{D66731A6-6F76-4475-852D-B84B148F5A9C}"
EndProject
Project("{2150E333-8FDC-42A3-9474-1A3956D46DE8}") = "tests", "tests", "{0AB3BF05-4346-4AA6-1389-037BE0695223}"
EndProject
Project("{FAE04EC0-301F-11D3-BF4B-00C04F79EFBC}") = "Ironbees.Core.Tests", "tests\Ironbees.Core.Tests\Ironbees.Core.Tests.csproj", "{BDB1FACE-AE5E-4EBC-A15D-81E56FB83191}"
EndProject
Project("{FAE04EC0-301F-11D3-BF4B-00C04F79EFBC}") = "Ironbees.AgentFramework.Tests", "tests\Ironbees.AgentFramework.Tests\Ironbees.AgentFramework.Tests.csproj", "{689300FF-C427-431B-AE98-89C61A863797}"
EndProject
Project("{2150E333-8FDC-42A3-9474-1A3956D46DE8}") = "samples", "samples", "{5D20AA90-6969-D8BD-9DCD-8634F4692FDA}"
EndProject
Project("{FAE04EC0-301F-11D3-BF4B-00C04F79EFBC}") = "OpenAISample", "samples\OpenAISample\OpenAISample.csproj", "{8ADA604D-68B2-4EA9-B22D-A2E89C65C9CF}"
EndProject
Project("{2150E333-8FDC-42A3-9474-1A3956D46DE8}") = "WebApiSample", "WebApiSample", "{2608AEDA-BC39-3AAB-B7F0-FBE870F91AA8}"
EndProject
Project("{FAE04EC0-301F-11D3-BF4B-00C04F79EFBC}") = "Ironbees.WebApi", "samples\WebApiSample\Ironbees.WebApi\Ironbees.WebApi.csproj", "{6BECE5FA-7159-474B-9C29-43124D671B37}"
EndProject
Project("{FAE04EC0-301F-11D3-BF4B-00C04F79EFBC}") = "Ironbees.Samples.Shared", "samples\Ironbees.Samples.Shared\Ironbees.Samples.Shared.csproj", "{DB332B3D-7121-4DA1-A35C-513BF40C1D56}"
EndProject
Project("{FAE04EC0-301F-11D3-BF4B-00C04F79EFBC}") = "EmbeddingSample", "samples\EmbeddingSample\EmbeddingSample.csproj", "{13E081AF-4878-4F43-B06A-1298891668E3}"
EndProject
Project("{FAE04EC0-301F-11D3-BF4B-00C04F79EFBC}") = "GpuStackSample", "samples\GpuStackSample\GpuStackSample.csproj", "{F8D3C9A1-5B2E-4F67-9A3D-1C4E7B8F9D2A}"
EndProject
Project("{FAE04EC0-301F-11D3-BF4B-00C04F79EFBC}") = "Ironbees.AgentMode.Core", "src\Ironbees.AgentMode.Core\Ironbees.AgentMode.Core.csproj", "{85DF0EE5-A17B-417A-8B78-1F9756F45359}"
EndProject
Project("{FAE04EC0-301F-11D3-BF4B-00C04F79EFBC}") = "Ironbees.AgentMode.Agents", "src\Ironbees.AgentMode.Agents\Ironbees.AgentMode.Agents.csproj", "{83EEB69C-E46A-4DF4-A9DF-B88804FEEDDD}"
EndProject
Project("{FAE04EC0-301F-11D3-BF4B-00C04F79EFBC}") = "Ironbees.AgentMode.MCP", "src\Ironbees.AgentMode.MCP\Ironbees.AgentMode.MCP.csproj", "{5FD19580-831C-4BE7-9CCA-8D97A17EBA65}"
EndProject
Project("{FAE04EC0-301F-11D3-BF4B-00C04F79EFBC}") = "Ironbees.AgentMode.Tools", "src\Ironbees.AgentMode.Tools\Ironbees.AgentMode.Tools.csproj", "{3AF48E32-712D-42DC-8315-37DB6EE64E50}"
EndProject
Project("{FAE04EC0-301F-11D3-BF4B-00C04F79EFBC}") = "Ironbees.AgentMode.Providers", "src\Ironbees.AgentMode.Providers\Ironbees.AgentMode.Providers.csproj", "{CD3AC25E-E8A7-4209-92D3-3C3E9D2F73F0}"
EndProject
Project("{FAE04EC0-301F-11D3-BF4B-00C04F79EFBC}") = "Ironbees.AgentMode.Tests", "tests\Ironbees.AgentMode.Tests\Ironbees.AgentMode.Tests.csproj", "{A48A7047-5238-489F-A985-E671036DFC1D}"
EndProject
Project("{FAE04EC0-301F-11D3-BF4B-00C04F79EFBC}") = "WorkflowSample", "samples\WorkflowSample\WorkflowSample.csproj", "{CF47062D-C862-4AD5-9FDE-D79E9B0747B8}"
EndProject
Project("{FAE04EC0-301F-11D3-BF4B-00C04F79EFBC}") = "Ironbees.ClaudeCli", "src\Ironbees.ClaudeCli\Ironbees.ClaudeCli.csproj", "{1A2B3C4D-5E6F-7A8B-9C0D-E1F2A3B4C5D6}"
EndProject
Project("{FAE04EC0-301F-11D3-BF4B-00C04F79EFBC}") = "Ironbees.Autonomous", "src\Ironbees.Autonomous\Ironbees.Autonomous.csproj", "{DAF58BC1-2A59-4302-9D5E-962CF8CE7440}"
EndProject
Project("{FAE04EC0-301F-11D3-BF4B-00C04F79EFBC}") = "Ironbees.Autonomous.OpenAI", "src\Ironbees.Autonomous.OpenAI\Ironbees.Autonomous.OpenAI.csproj", "{3B138820-E748-4A04-98F6-446D2791013D}"
EndProject
Global
	GlobalSection(SolutionConfigurationPlatforms) = preSolution
		Debug|Any CPU = Debug|Any CPU
		Debug|x64 = Debug|x64
		Debug|x86 = Debug|x86
		Release|Any CPU = Release|Any CPU
		Release|x64 = Release|x64
		Release|x86 = Release|x86
	EndGlobalSection
	GlobalSection(ProjectConfigurationPlatforms) = postSolution
		{EF59F166-CF2F-45EB-86AD-18582F2D694C}.Debug|Any CPU.ActiveCfg = Debug|Any CPU
		{EF59F166-CF2F-45EB-86AD-18582F2D694C}.Debug|Any CPU.Build.0 = Debug|Any CPU
		{EF59F166-CF2F-45EB-86AD-18582F2D694C}.Debug|x64.ActiveCfg = Debug|Any CPU
		{EF59F166-CF2F-45EB-86AD-18582F2D694C}.Debug|x64.Build.0 = Debug|Any CPU
		{EF59F166-CF2F-45EB-86AD-18582F2D694C}.Debug|x86.ActiveCfg = Debug|Any CPU
		{EF59F166-CF2F-45EB-86AD-18582F2D694C}.Debug|x86.Build.0 = Debug|Any CPU
		{EF59F166-CF2F-45EB-86AD-18582F2D694C}.Release|Any CPU.ActiveCfg = Release|Any CPU
		{EF59F166-CF2F-45EB-86AD-18582F2D694C}.Release|Any CPU.Build.0 = Release|Any CPU
		{EF59F166-CF2F-45EB-86AD-18582F2D694C}.Release|x64.ActiveCfg = Release|Any CPU
		{EF59F166-CF2F-45EB-86AD-18582F2D694C}.Release|x64.Build.0 = Release|Any CPU
		{EF59F166-CF2F-45EB-86AD-18582F2D694C}.Release|x86.ActiveCfg = Release|Any CPU
		{EF59F166-CF2F-45EB-86AD-18582F2D694C}.Release|x86.Build.0 = Release|Any CPU
		{D66731A6-6F76-4475-852D-B84B148F5A9C}.Debug|Any CPU.ActiveCfg = Debug|Any CPU
		{D66731A6-6F76-4475-852D-B84B148F5A9C}.Debug|Any CPU.Build.0 = Debug|Any CPU
		{D66731A6-6F76-4475-852D-B84B148F5A9C}.Debug|x64.ActiveCfg = Debug|Any CPU
		{D66731A6-6F76-4475-852D-B84B148F5A9C}.Debug|x64.Build.0 = Debug|Any CPU
		{D66731A6-6F76-4475-852D-B84B148F5A9C}.Debug|x86.ActiveCfg = Debug|Any CPU
		{D66731A6-6F76-4475-852D-B84B148F5A9C}.Debug|x86.Build.0 = Debug|Any CPU
		{D66731A6-6F76-4475-852D-B84B148F5A9C}.Release|Any CPU.ActiveCfg = Release|Any CPU
		{D66731A6-6F76-4475-852D-B84B148F5A9C}.Release|Any CPU.Build.0 = Release|Any CPU
		{D66731A6-6F76-4475-852D-B84B148F5A9C}.Release|x64.ActiveCfg = Release|Any CPU
		{D66731A6-6F76-4475-852D-B84B148F5A9C}.Release|x64.Build.0 = Release|Any CPU
		{D66731A6-6F76-4475-852D-B84B148F5A9C}.Release|x86.ActiveCfg = Release|Any CPU
		{D66731A6-6F76-4475-852D-B84B148F5A9C}.Release|x86.Build.0 = Release|Any CPU
		{BDB1FACE-AE5E-4EBC-A15D-81E56FB83191}.Debug|Any CPU.ActiveCfg = Debug|Any CPU
		{BDB1FACE-AE5E-4EBC-A15D-81E56FB83191}.Debug|Any CPU.Build.0 = Debug|Any CPU
		{BDB1FACE-AE5E-4EBC-A15D-81E56FB83191}.Debug|x64.ActiveCfg = Debug|Any CPU
		{BDB1FACE-AE5E-4EBC-A15D-81E56FB83191}.Debug|x64.Build.0 = Debug|Any CPU
		{BDB1FACE-AE5E-4EBC-A15D-81E56FB83191}.Debug|x86.ActiveCfg = Debug|Any CPU
		{BDB1FACE-AE5E-4EBC-A15D-81E56FB83191}.Debug|x86.Build.0 = Debug|Any CPU
		{BDB1FACE-AE5E-4EBC-A15D-81E56FB83191}.Release|Any CPU.ActiveCfg = Release|Any CPU
		{BDB1FACE-AE5E-4EBC-A15D-81E56FB83191}.Release|Any CPU.Build.0 = Release|Any CPU
		{BDB1FACE-AE5E-4EBC-A15D-81E56FB83191}.Release|x64.ActiveCfg = Release|Any CPU
		{BDB1FACE-AE5E-4EBC-A15D-81E56FB83191}.Release|x64.Build.0 = Release|Any CPU
		{BDB1FACE-AE5E-4EBC-A15D-81E56FB83191}.Release|x86.ActiveCfg = Release|Any CPU
		{BDB1FACE-AE5E-4EBC-A15D-81E56FB83191}.Release|x86.Build.0 = Release|Any CPU
		{689300FF-C427-431B-AE98-89C61A863797}.Debug|Any CPU.ActiveCfg = Debug|Any CPU
		{689300FF-C427-431B-AE98-89C61A863797}.Debug|Any CPU.Build.0 = Debug|Any CPU
		{689300FF-C427-431B-AE98-89C61A863797}.Debug|x64.ActiveCfg = Debug|Any CPU
		{689300FF-C427-431B-AE98-89C61A863797}.Debug|x64.Build.0 = Debug|Any CPU
		{689300FF-C427-431B-AE98-89C61A863797}.Debug|x86.ActiveCfg = Debug|Any CPU
		{689300FF-C427-431B-AE98-89C61A863797}.Debug|x86.Build.0 = Debug|Any CPU
		{689300FF-C427-431B-AE98-89C61A863797}.Release|Any CPU.ActiveCfg = Release|Any CPU
		{689300FF-C427-431B-AE98-89C61A863797}.Release|Any CPU.Build.0 = Release|Any CPU
		{689300FF-C427-431B-AE98-89C61A863797}.Release|x64.ActiveCfg = Release|Any CPU
		{689300FF-C427-431B-AE98-89C61A863797}.Release|x64.Build.0 = Release|Any CPU
		{689300FF-C427-431B-AE98-89C61A863797}.Release|x86.ActiveCfg = Release|Any CPU
		{689300FF-C427-431B-AE98-89C61A863797}.Release|x86.Build.0 = Release|Any CPU
		{8ADA604D-68B2-4EA9-B22D-A2E89C65C9CF}.Debug|Any CPU.ActiveCfg = Debug|Any CPU
		{8ADA604D-68B2-4EA9-B22D-A2E89C65C9CF}.Debug|Any CPU.Build.0 = Debug|Any CPU
		{8ADA604D-68B2-4EA9-B22D-A2E89C65C9CF}.Debug|x64.ActiveCfg = Debug|Any CPU
		{8ADA604D-68B2-4EA9-B22D-A2E89C65C9CF}.Debug|x64.Build.0 = Debug|Any CPU
		{8ADA604D-68B2-4EA9-B22D-A2E89C65C9CF}.Debug|x86.ActiveCfg = Debug|Any CPU
		{8ADA604D-68B2-4EA9-B22D-A2E89C65C9CF}.Debug|x86.Build.0 = Debug|Any CPU
		{8ADA604D-68B2-4EA9-B22D-A2E89C65C9CF}.Release|Any CPU.ActiveCfg = Release|Any CPU
		{8ADA604D-68B2-4EA9-B22D-A2E89C65C9CF}.Release|Any CPU.Build.0 = Release|Any CPU
		{8ADA604D-68B2-4EA9-B22D-A2E89C65C9CF}.Release|x64.ActiveCfg = Release|Any CPU
		{8ADA604D-68B2-4EA9-B22D-A2E89C65C9CF}.Release|x64.Build.0 = Release|Any CPU
		{8ADA604D-68B2-4EA9-B22D-A2E89C65C9CF}.Release|x86.ActiveCfg = Release|Any CPU
		{8ADA604D-68B2-4EA9-B22D-A2E89C65C9CF}.Release|x86.Build.0 = Release|Any CPU
		{6BECE5FA-7159-474B-9C29-43124D671B37}.Debug|Any CPU.ActiveCfg = Debug|Any CPU
		{6BECE5FA-7159-474B-9C29-43124D671B37}.Debug|Any CPU.Build.0 = Debug|Any CPU
		{6BECE5FA-7159-474B-9C29-43124D671B37}.Debug|x64.ActiveCfg = Debug|Any CPU
		{6BECE5FA-7159-474B-9C29-43124D671B37}.Debug|x64.Build.0 = Debug|Any CPU
		{6BECE5FA-7159-474B-9C29-43124D671B37}.Debug|x86.ActiveCfg = Debug|Any CPU
		{6BECE5FA-7159-474B-9C29-43124D671B37}.Debug|x86.Build.0 = Debug|Any CPU
		{6BECE5FA-7159-474B-9C29-43124D671B37}.Release|Any CPU.ActiveCfg = Release|Any CPU
		{6BECE5FA-7159-474B-9C29-43124D671B37}.Release|Any CPU.Build.0 = Release|Any CPU
		{6BECE5FA-7159-474B-9C29-43124D671B37}.Release|x64.ActiveCfg = Release|Any CPU
		{6BECE5FA-7159-474B-9C29-43124D671B37}.Release|x64.Build.0 = Release|Any CPU
		{6BECE5FA-7159-474B-9C29-43124D671B37}.Release|x86.ActiveCfg = Release|Any CPU
		{6BECE5FA-7159-474B-9C29-43124D671B37}.Release|x86.Build.0 = Release|Any CPU
		{DB332B3D-7121-4DA1-A35C-513BF40C1D56}.Debug|Any CPU.ActiveCfg = Debug|Any CPU
		{DB332B3D-7121-4DA1-A35C-513BF40C1D56}.Debug|Any CPU.Build.0 = Debug|Any CPU
		{DB332B3D-7121-4DA1-A35C-513BF40C1D56}.Debug|x64.ActiveCfg = Debug|Any CPU
		{DB332B3D-7121-4DA1-A35C-513BF40C1D56}.Debug|x64.Build.0 = Debug|Any CPU
		{DB332B3D-7121-4DA1-A35C-513BF40C1D56}.Debug|x86.ActiveCfg = Debug|Any CPU
		{DB332B3D-7121-4DA1-A35C-513BF40C1D56}.Debug|x86.Build.0 = Debug|Any CPU
		{DB332B3D-7121-4DA1-A35C-513BF40C1D56}.Release|Any CPU.ActiveCfg = Release|Any CPU
		{DB332B3D-7121-4DA1-A35C-513BF40C1D56}.Release|Any CPU.Build.0 = Release|Any CPU
		{DB332B3D-7121-4DA1-A35C-513BF40C1D56}.Release|x64.ActiveCfg = Release|Any CPU
		{DB332B3D-7121-4DA1-A35C-513BF40C1D56}.Release|x64.Build.0 = Release|Any CPU
		{DB332B3D-7121-4DA1-A35C-513BF40C1D56}.Release|x86.ActiveCfg = Release|Any CPU
		{DB332B3D-7121-4DA1-A35C-513BF40C1D56}.Release|x86.Build.0 = Release|Any CPU
		{13E081AF-4878-4F43-B06A-1298891668E3}.Debug|Any CPU.ActiveCfg = Debug|Any CPU
		{13E081AF-4878-4F43-B06A-1298891668E3}.Debug|Any CPU.Build.0 = Debug|Any CPU
		{13E081AF-4878-4F43-B06A-1298891668E3}.Debug|x64.ActiveCfg = Debug|Any CPU
		{13E081AF-4878-4F43-B06A-1298891668E3}.Debug|x64.Build.0 = Debug|Any CPU
		{13E081AF-4878-4F43-B06A-1298891668E3}.Debug|x86.ActiveCfg = Debug|Any CPU
		{13E081AF-4878-4F43-B06A-1298891668E3}.Debug|x86.Build.0 = Debug|Any CPU
		{13E081AF-4878-4F43-B06A-1298891668E3}.Release|Any CPU.ActiveCfg = Release|Any CPU
		{13E081AF-4878-4F43-B06A-1298891668E3}.Release|Any CPU.Build.0 = Release|Any CPU
		{13E081AF-4878-4F43-B06A-1298891668E3}.Release|x64.ActiveCfg = Release|Any CPU
		{13E081AF-4878-4F43-B06A-1298891668E3}.Release|x64.Build.0 = Release|Any CPU
		{13E081AF-4878-4F43-B06A-1298891668E3}.Release|x86.ActiveCfg = Release|Any CPU
		{13E081AF-4878-4F43-B06A-1298891668E3}.Release|x86.Build.0 = Release|Any CPU
		{F8D3C9A1-5B2E-4F67-9A3D-1C4E7B8F9D2A}.Debug|Any CPU.ActiveCfg = Debug|Any CPU
		{F8D3C9A1-5B2E-4F67-9A3D-1C4E7B8F9D2A}.Debug|Any CPU.Build.0 = Debug|Any CPU
		{F8D3C9A1-5B2E-4F67-9A3D-1C4E7B8F9D2A}.Debug|x64.ActiveCfg = Debug|Any CPU
		{F8D3C9A1-5B2E-4F67-9A3D-1C4E7B8F9D2A}.Debug|x64.Build.0 = Debug|Any CPU
		{F8D3C9A1-5B2E-4F67-9A3D-1C4E7B8F9D2A}.Debug|x86.ActiveCfg = Debug|Any CPU
		{F8D3C9A1-5B2E-4F67-9A3D-1C4E7B8F9D2A}.Debug|x86.Build.0 = Debug|Any CPU
		{F8D3C9A1-5B2E-4F67-9A3D-1C4E7B8F9D2A}.Release|Any CPU.ActiveCfg = Release|Any CPU
		{F8D3C9A1-5B2E-4F67-9A3D-1C4E7B8F9D2A}.Release|Any CPU.Build.0 = Release|Any CPU
		{F8D3C9A1-5B2E-4F67-9A3D-1C4E7B8F9D2A}.Release|x64.ActiveCfg = Release|Any CPU
		{F8D3C9A1-5B2E-4F67-9A3D-1C4E7B8F9D2A}.Release|x64.Build.0 = Release|Any CPU
		{F8D3C9A1-5B2E-4F67-9A3D-1C4E7B8F9D2A}.Release|x86.ActiveCfg = Release|Any CPU
		{F8D3C9A1-5B2E-4F67-9A3D-1C4E7B8F9D2A}.Release|x86.Build.0 = Release|Any CPU
		{85DF0EE5-A17B-417A-8B78-1F9756F45359}.Debug|Any CPU.ActiveCfg = Debug|Any CPU
		{85DF0EE5-A17B-417A-8B78-1F9756F45359}.Debug|Any CPU.Build.0 = Debug|Any CPU
		{85DF0EE5-A17B-417A-8B78-1F9756F45359}.Debug|x64.ActiveCfg = Debug|Any CPU
		{85DF0EE5-A17B-417A-8B78-1F9756F45359}.Debug|x64.Build.0 = Debug|Any CPU
		{85DF0EE5-A17B-417A-8B78-1F9756F45359}.Debug|x86.ActiveCfg = Debug|Any CPU
		{85DF0EE5-A17B-417A-8B78-1F9756F45359}.Debug|x86.Build.0 = Debug|Any CPU
		{85DF0EE5-A17B-417A-8B78-1F9756F45359}.Release|Any CPU.ActiveCfg = Release|Any CPU
		{85DF0EE5-A17B-417A-8B78-1F9756F45359}.Release|Any CPU.Build.0 = Release|Any CPU
		{85DF0EE5-A17B-417A-8B78-1F9756F45359}.Release|x64.ActiveCfg = Release|Any CPU
		{85DF0EE5-A17B-417A-8B78-1F9756F45359}.Release|x64.Build.0 = Release|Any CPU
		{85DF0EE5-A17B-417A-8B78-1F9756F45359}.Release|x86.ActiveCfg = Release|Any CPU
		{85DF0EE5-A17B-417A-8B78-1F9756F45359}.Release|x86.Build.0 = Release|Any CPU
		{83EEB69C-E46A-4DF4-A9DF-B88804FEEDDD}.Debug|Any CPU.ActiveCfg = Debug|Any CPU
		{83EEB69C-E46A-4DF4-A9DF-B88804FEEDDD}.Debug|Any CPU.Build.0 = Debug|Any CPU
		{83EEB69C-E46A-4DF4-A9DF-B88804FEEDDD}.Debug|x64.ActiveCfg = Debug|Any CPU
		{83EEB69C-E46A-4DF4-A9DF-B88804FEEDDD}.Debug|x64.Build.0 = Debug|Any CPU
		{83EEB69C-E46A-4DF4-A9DF-B88804FEEDDD}.Debug|x86.ActiveCfg = Debug|Any CPU
		{83EEB69C-E46A-4DF4-A9DF-B88804FEEDDD}.Debug|x86.Build.0 = Debug|Any CPU
		{83EEB69C-E46A-4DF4-A9DF-B88804FEEDDD}.Release|Any CPU.ActiveCfg = Release|Any CPU
		{83EEB69C-E46A-4DF4-A9DF-B88804FEEDDD}.Release|Any CPU.Build.0 = Release|Any CPU
		{83EEB69C-E46A-4DF4-A9DF-B88804FEEDDD}.Release|x64.ActiveCfg = Release|Any CPU
		{83EEB69C-E46A-4DF4-A9DF-B88804FEEDDD}.Release|x64.Build.0 = Release|Any CPU
		{83EEB69C-E46A-4DF4-A9DF-B88804FEEDDD}.Release|x86.ActiveCfg = Release|Any CPU
		{83EEB69C-E46A-4DF4-A9DF-B88804FEEDDD}.Release|x86.Build.0 = Release|Any CPU
		{5FD19580-831C-4BE7-9CCA-8D97A17EBA65}.Debug|Any CPU.ActiveCfg = Debug|Any CPU
		{5FD19580-831C-4BE7-9CCA-8D97A17EBA65}.Debug|Any CPU.Build.0 = Debug|Any CPU
		{5FD19580-831C-4BE7-9CCA-8D97A17EBA65}.Debug|x64.ActiveCfg = Debug|Any CPU
		{5FD19580-831C-4BE7-9CCA-8D97A17EBA65}.Debug|x64.Build.0 = Debug|Any CPU
		{5FD19580-831C-4BE7-9CCA-8D97A17EBA65}.Debug|x86.ActiveCfg = Debug|Any CPU
		{5FD19580-831C-4BE7-9CCA-8D97A17EBA65}.Debug|x86.Build.0 = Debug|Any CPU
		{5FD19580-831C-4BE7-9CCA-8D97A17EBA65}.Release|Any CPU.ActiveCfg = Release|Any CPU
		{5FD19580-831C-4BE7-9CCA-8D97A17EBA65}.Release|Any CPU.Build.0 = Release|Any CPU
		{5FD19580-831C-4BE7-9CCA-8D97A17EBA65}.Release|x64.ActiveCfg = Release|Any CPU
		{5FD19580-831C-4BE7-9CCA-8D97A17EBA65}.Release|x64.Build.0 = Release|Any CPU
		{5FD19580-831C-4BE7-9CCA-8D97A17EBA65}.Release|x86.ActiveCfg = Release|Any CPU
		{5FD19580-831C-4BE7-9CCA-8D97A17EBA65}.Release|x86.Build.0 = Release|Any CPU
		{3AF48E32-712D-42DC-8315-37DB6EE64E50}.Debug|Any CPU.ActiveCfg = Debug|Any CPU
		{3AF48E32-712D-42DC-8315-37DB6EE64E50}.Debug|Any CPU.Build.0 = Debug|Any CPU
		{3AF48E32-712D-42DC-8315-37DB6EE64E50}.Debug|x64.ActiveCfg = Debug|Any CPU
		{3AF48E32-712D-42DC-8315-37DB6EE64E50}.Debug|x64.Build.0 = Debug|Any CPU
		{3AF48E32-712D-42DC-8315-37DB6EE64E50}.Debug|x86.ActiveCfg = Debug|Any CPU
		{3AF48E32-712D-42DC-8315-37DB6EE64E50}.Debug|x86.Build.0 = Debug|Any CPU
		{3AF48E32-712D-42DC-8315-37DB6EE64E50}.Release|Any CPU.ActiveCfg = Release|Any CPU
		{3AF48E32-712D-42DC-8315-37DB6EE64E50}.Release|Any CPU.Build.0 = Release|Any CPU
		{3AF48E32-712D-42DC-8315-37DB6EE64E50}.Release|x64.ActiveCfg = Release|Any CPU
		{3AF48E32-712D-42DC-8315-37DB6EE64E50}.Release|x64.Build.0 = Release|Any CPU
		{3AF48E32-712D-42DC-8315-37DB6EE64E50}.Release|x86.ActiveCfg = Release|Any CPU
		{3AF48E32-712D-42DC-8315-37DB6EE64E50}.Release|x86.Build.0 = Release|Any CPU
		{CD3AC25E-E8A7-4209-92D3-3C3E9D2F73F0}.Debug|Any CPU.ActiveCfg = Debug|Any CPU
		{CD3AC25E-E8A7-4209-92D3-3C3E9D2F73F0}.Debug|Any CPU.Build.0 = Debug|Any CPU
		{CD3AC25E-E8A7-4209-92D3-3C3E9D2F73F0}.Debug|x64.ActiveCfg = Debug|Any CPU
		{CD3AC25E-E8A7-4209-92D3-3C3E9D2F73F0}.Debug|x64.Build.0 = Debug|Any CPU
		{CD3AC25E-E8A7-4209-92D3-3C3E9D2F73F0}.Debug|x86.ActiveCfg = Debug|Any CPU
		{CD3AC25E-E8A7-4209-92D3-3C3E9D2F73F0}.Debug|x86.Build.0 = Debug|Any CPU
		{CD3AC25E-E8A7-4209-92D3-3C3E9D2F73F0}.Release|Any CPU.ActiveCfg = Release|Any CPU
		{CD3AC25E-E8A7-4209-92D3-3C3E9D2F73F0}.Release|Any CPU.Build.0 = Release|Any CPU
		{CD3AC25E-E8A7-4209-92D3-3C3E9D2F73F0}.Release|x64.ActiveCfg = Release|Any CPU
		{CD3AC25E-E8A7-4209-92D3-3C3E9D2F73F0}.Release|x64.Build.0 = Release|Any CPU
		{CD3AC25E-E8A7-4209-92D3-3C3E9D2F73F0}.Release|x86.ActiveCfg = Release|Any CPU
		{CD3AC25E-E8A7-4209-92D3-3C3E9D2F73F0}.Release|x86.Build.0 = Release|Any CPU
		{A48A7047-5238-489F-A985-E671036DFC1D}.Debug|Any CPU.ActiveCfg = Debug|Any CPU
		{A48A7047-5238-489F-A985-E671036DFC1D}.Debug|Any CPU.Build.0 = Debug|Any CPU
		{A48A7047-5238-489F-A985-E671036DFC1D}.Debug|x64.ActiveCfg = Debug|Any CPU
		{A48A7047-5238-489F-A985-E671036DFC1D}.Debug|x64.Build.0 = Debug|Any CPU
		{A48A7047-5238-489F-A985-E671036DFC1D}.Debug|x86.ActiveCfg = Debug|Any CPU
		{A48A7047-5238-489F-A985-E671036DFC1D}.Debug|x86.Build.0 = Debug|Any CPU
		{A48A7047-5238-489F-A985-E671036DFC1D}.Release|Any CPU.ActiveCfg = Release|Any CPU
		{A48A7047-5238-489F-A985-E671036DFC1D}.Release|Any CPU.Build.0 = Release|Any CPU
		{A48A7047-5238-489F-A985-E671036DFC1D}.Release|x64.ActiveCfg = Release|Any CPU
		{A48A7047-5238-489F-A985-E671036DFC1D}.Release|x64.Build.0 = Release|Any CPU
		{A48A7047-5238-489F-A985-E671036DFC1D}.Release|x86.ActiveCfg = Release|Any CPU
		{A48A7047-5238-489F-A985-E671036DFC1D}.Release|x86.Build.0 = Release|Any CPU
		{CF47062D-C862-4AD5-9FDE-D79E9B0747B8}.Debug|Any CPU.ActiveCfg = Debug|Any CPU
		{CF47062D-C862-4AD5-9FDE-D79E9B0747B8}.Debug|Any CPU.Build.0 = Debug|Any CPU
		{CF47062D-C862-4AD5-9FDE-D79E9B0747B8}.Debug|x64.ActiveCfg = Debug|Any CPU
		{CF47062D-C862-4AD5-9FDE-D79E9B0747B8}.Debug|x64.Build.0 = Debug|Any CPU
		{CF47062D-C862-4AD5-9FDE-D79E9B0747B8}.Debug|x86.ActiveCfg = Debug|Any CPU
		{CF47062D-C862-4AD5-9FDE-D79E9B0747B8}.Debug|x86.Build.0 = Debug|Any CPU
		{CF47062D-C862-4AD5-9FDE-D79E9B0747B8}.Release|Any CPU.ActiveCfg = Release|Any CPU
		{CF47062D-C862-4AD5-9FDE-D79E9B0747B8}.Release|Any CPU.Build.0 = Release|Any CPU
		{CF47062D-C862-4AD5-9FDE-D79E9B0747B8}.Release|x64.ActiveCfg = Release|Any CPU
		{CF47062D-C862-4AD5-9FDE-D79E9B0747B8}.Release|x64.Build.0 = Release|Any CPU
		{CF47062D-C862-4AD5-9FDE-D79E9B0747B8}.Release|x86.ActiveCfg = Release|Any CPU
		{CF47062D-C862-4AD5-9FDE-D79E9B0747B8}.Release|x86.Build.0 = Release|Any CPU
		{1A2B3C4D-5E6F-7A8B-9C0D-E1F2A3B4C5D6}.Debug|Any CPU.ActiveCfg = Debug|Any CPU
		{1A2B3C4D-5E6F-7A8B-9C0D-E1F2A3B4C5D6}.Debug|Any CPU.Build.0 = Debug|Any CPU
		{1A2B3C4D-5E6F-7A8B-9C0D-E1F2A3B4C5D6}.Debug|x64.ActiveCfg = Debug|Any CPU
		{1A2B3C4D-5E6F-7A8B-9C0D-E1F2A3B4C5D6}.Debug|x64.Build.0 = Debug|Any CPU
		{1A2B3C4D-5E6F-7A8B-9C0D-E1F2A3B4C5D6}.Debug|x86.ActiveCfg = Debug|Any CPU
		{1A2B3C4D-5E6F-7A8B-9C0D-E1F2A3B4C5D6}.Debug|x86.Build.0 = Debug|Any CPU
		{1A2B3C4D-5E6F-7A8B-9C0D-E1F2A3B4C5D6}.Release|Any CPU.ActiveCfg = Release|Any CPU
		{1A2B3C4D-5E6F-7A8B-9C0D-E1F2A3B4C5D6}.Release|Any CPU.Build.0 = Release|Any CPU
		{1A2B3C4D-5E6F-7A8B-9C0D-E1F2A3B4C5D6}.Release|x64.ActiveCfg = Release|Any CPU
		{1A2B3C4D-5E6F-7A8B-9C0D-E1F2A3B4C5D6}.Release|x64.Build.0 = Release|Any CPU
		{1A2B3C4D-5E6F-7A8B-9C0D-E1F2A3B4C5D6}.Release|x86.ActiveCfg = Release|Any CPU
		{1A2B3C4D-5E6F-7A8B-9C0D-E1F2A3B4C5D6}.Release|x86.Build.0 = Release|Any CPU
		{DAF58BC1-2A59-4302-9D5E-962CF8CE7440}.Debug|Any CPU.ActiveCfg = Debug|Any CPU
		{DAF58BC1-2A59-4302-9D5E-962CF8CE7440}.Debug|Any CPU.Build.0 = Debug|Any CPU
		{DAF58BC1-2A59-4302-9D5E-962CF8CE7440}.Debug|x64.ActiveCfg = Debug|Any CPU
		{DAF58BC1-2A59-4302-9D5E-962CF8CE7440}.Debug|x64.Build.0 = Debug|Any CPU
		{DAF58BC1-2A59-4302-9D5E-962CF8CE7440}.Debug|x86.ActiveCfg = Debug|Any CPU
		{DAF58BC1-2A59-4302-9D5E-962CF8CE7440}.Debug|x86.Build.0 = Debug|Any CPU
		{DAF58BC1-2A59-4302-9D5E-962CF8CE7440}.Release|Any CPU.ActiveCfg = Release|Any CPU
		{DAF58BC1-2A59-4302-9D5E-962CF8CE7440}.Release|Any CPU.Build.0 = Release|Any CPU
		{DAF58BC1-2A59-4302-9D5E-962CF8CE7440}.Release|x64.ActiveCfg = Release|Any CPU
		{DAF58BC1-2A59-4302-9D5E-962CF8CE7440}.Release|x64.Build.0 = Release|Any CPU
		{DAF58BC1-2A59-4302-9D5E-962CF8CE7440}.Release|x86.ActiveCfg = Release|Any CPU
		{DAF58BC1-2A59-4302-9D5E-962CF8CE7440}.Release|x86.Build.0 = Release|Any CPU
		{3B138820-E748-4A04-98F6-446D2791013D}.Debug|Any CPU.ActiveCfg = Debug|Any CPU
		{3B138820-E748-4A04-98F6-446D2791013D}.Debug|Any CPU.Build.0 = Debug|Any CPU
		{3B138820-E748-4A04-98F6-446D2791013D}.Debug|x64.ActiveCfg = Debug|Any CPU
		{3B138820-E748-4A04-98F6-446D2791013D}.Debug|x64.Build.0 = Debug|Any CPU
		{3B138820-E748-4A04-98F6-446D2791013D}.Debug|x86.ActiveCfg = Debug|Any CPU
		{3B138820-E748-4A04-98F6-446D2791013D}.Debug|x86.Build.0 = Debug|Any CPU
		{3B138820-E748-4A04-98F6-446D2791013D}.Release|Any CPU.ActiveCfg = Release|Any CPU
		{3B138820-E748-4A04-98F6-446D2791013D}.Release|Any CPU.Build.0 = Release|Any CPU
		{3B138820-E748-4A04-98F6-446D2791013D}.Release|x64.ActiveCfg = Release|Any CPU
		{3B138820-E748-4A04-98F6-446D2791013D}.Release|x64.Build.0 = Release|Any CPU
		{3B138820-E748-4A04-98F6-446D2791013D}.Release|x86.ActiveCfg = Release|Any CPU
		{3B138820-E748-4A04-98F6-446D2791013D}.Release|x86.Build.0 = Release|Any CPU
	EndGlobalSection
	GlobalSection(SolutionProperties) = preSolution
		HideSolutionNode = FALSE
	EndGlobalSection
	GlobalSection(NestedProjects) = preSolution
		{EF59F166-CF2F-45EB-86AD-18582F2D694C} = {827E0CD3-B72D-47B6-A68D-7590B98EB39B}
		{D66731A6-6F76-4475-852D-B84B148F5A9C} = {827E0CD3-B72D-47B6-A68D-7590B98EB39B}
		{BDB1FACE-AE5E-4EBC-A15D-81E56FB83191} = {0AB3BF05-4346-4AA6-1389-037BE0695223}
		{689300FF-C427-431B-AE98-89C61A863797} = {0AB3BF05-4346-4AA6-1389-037BE0695223}
		{8ADA604D-68B2-4EA9-B22D-A2E89C65C9CF} = {5D20AA90-6969-D8BD-9DCD-8634F4692FDA}
		{2608AEDA-BC39-3AAB-B7F0-FBE870F91AA8} = {5D20AA90-6969-D8BD-9DCD-8634F4692FDA}
		{6BECE5FA-7159-474B-9C29-43124D671B37} = {2608AEDA-BC39-3AAB-B7F0-FBE870F91AA8}
		{DB332B3D-7121-4DA1-A35C-513BF40C1D56} = {5D20AA90-6969-D8BD-9DCD-8634F4692FDA}
		{13E081AF-4878-4F43-B06A-1298891668E3} = {5D20AA90-6969-D8BD-9DCD-8634F4692FDA}
		{F8D3C9A1-5B2E-4F67-9A3D-1C4E7B8F9D2A} = {5D20AA90-6969-D8BD-9DCD-8634F4692FDA}
		{85DF0EE5-A17B-417A-8B78-1F9756F45359} = {827E0CD3-B72D-47B6-A68D-7590B98EB39B}
		{83EEB69C-E46A-4DF4-A9DF-B88804FEEDDD} = {827E0CD3-B72D-47B6-A68D-7590B98EB39B}
		{5FD19580-831C-4BE7-9CCA-8D97A17EBA65} = {827E0CD3-B72D-47B6-A68D-7590B98EB39B}
		{3AF48E32-712D-42DC-8315-37DB6EE64E50} = {827E0CD3-B72D-47B6-A68D-7590B98EB39B}
		{CD3AC25E-E8A7-4209-92D3-3C3E9D2F73F0} = {827E0CD3-B72D-47B6-A68D-7590B98EB39B}
		{A48A7047-5238-489F-A985-E671036DFC1D} = {0AB3BF05-4346-4AA6-1389-037BE0695223}
		{CF47062D-C862-4AD5-9FDE-D79E9B0747B8} = {5D20AA90-6969-D8BD-9DCD-8634F4692FDA}
		{1A2B3C4D-5E6F-7A8B-9C0D-E1F2A3B4C5D6} = {827E0CD3-B72D-47B6-A68D-7590B98EB39B}
		{DAF58BC1-2A59-4302-9D5E-962CF8CE7440} = {827E0CD3-B72D-47B6-A68D-7590B98EB39B}
		{3B138820-E748-4A04-98F6-446D2791013D} = {827E0CD3-B72D-47B6-A68D-7590B98EB39B}
	EndGlobalSection
EndGlobal
